// !$*UTF8*$!
{
	archiveVersion = 1;
	classes = {
	};
	objectVersion = 56;
	objects = {

/* Begin PBXBuildFile section */
		AF25A5822BD0241000199872 /* EditViewController.swift in Sources */ = {isa = PBXBuildFile; fileRef = AF25A5802BD0241000199872 /* EditViewController.swift */; };
		AF25A5832BD0241000199872 /* EditViewController.xib in Resources */ = {isa = PBXBuildFile; fileRef = AF25A5812BD0241000199872 /* EditViewController.xib */; };
		AF6838502BC5565E0067217A /* AppDelegate.swift in Sources */ = {isa = PBXBuildFile; fileRef = AF68384F2BC5565E0067217A /* AppDelegate.swift */; };
		AF6838522BC5565E0067217A /* SceneDelegate.swift in Sources */ = {isa = PBXBuildFile; fileRef = AF6838512BC5565E0067217A /* SceneDelegate.swift */; };
		AF6838572BC5565E0067217A /* Main.storyboard in Resources */ = {isa = PBXBuildFile; fileRef = AF6838552BC5565E0067217A /* Main.storyboard */; };
		AF6838592BC556610067217A /* Assets.xcassets in Resources */ = {isa = PBXBuildFile; fileRef = AF6838582BC556610067217A /* Assets.xcassets */; };
		AF68385C2BC556610067217A /* LaunchScreen.storyboard in Resources */ = {isa = PBXBuildFile; fileRef = AF68385A2BC556610067217A /* LaunchScreen.storyboard */; };
		AF6838642BC55AE40067217A /* TimeLineViewController.swift in Sources */ = {isa = PBXBuildFile; fileRef = AF6838632BC55AE40067217A /* TimeLineViewController.swift */; };
		AF6838672BC574830067217A /* XTableViewCell.swift in Sources */ = {isa = PBXBuildFile; fileRef = AF6838652BC574830067217A /* XTableViewCell.swift */; };
		AF6838682BC574830067217A /* XTableViewCell.xib in Resources */ = {isa = PBXBuildFile; fileRef = AF6838662BC574830067217A /* XTableViewCell.xib */; };
/* End PBXBuildFile section */

/* Begin PBXFileReference section */
		AF25A5802BD0241000199872 /* EditViewController.swift */ = {isa = PBXFileReference; lastKnownFileType = sourcecode.swift; path = EditViewController.swift; sourceTree = "<group>"; };
		AF25A5812BD0241000199872 /* EditViewController.xib */ = {isa = PBXFileReference; lastKnownFileType = file.xib; path = EditViewController.xib; sourceTree = "<group>"; };
		AF68384C2BC5565E0067217A /* XSampleApp.app */ = {isa = PBXFileReference; explicitFileType = wrapper.application; includeInIndex = 0; path = XSampleApp.app; sourceTree = BUILT_PRODUCTS_DIR; };
		AF68384F2BC5565E0067217A /* AppDelegate.swift */ = {isa = PBXFileReference; lastKnownFileType = sourcecode.swift; path = AppDelegate.swift; sourceTree = "<group>"; };
		AF6838512BC5565E0067217A /* SceneDelegate.swift */ = {isa = PBXFileReference; lastKnownFileType = sourcecode.swift; path = SceneDelegate.swift; sourceTree = "<group>"; };
		AF6838562BC5565E0067217A /* Base */ = {isa = PBXFileReference; lastKnownFileType = file.storyboard; name = Base; path = Base.lproj/Main.storyboard; sourceTree = "<group>"; };
		AF6838582BC556610067217A /* Assets.xcassets */ = {isa = PBXFileReference; lastKnownFileType = folder.assetcatalog; path = Assets.xcassets; sourceTree = "<group>"; };
		AF68385B2BC556610067217A /* Base */ = {isa = PBXFileReference; lastKnownFileType = file.storyboard; name = Base; path = Base.lproj/LaunchScreen.storyboard; sourceTree = "<group>"; };
		AF68385D2BC556610067217A /* Info.plist */ = {isa = PBXFileReference; lastKnownFileType = text.plist.xml; path = Info.plist; sourceTree = "<group>"; };
		AF6838632BC55AE40067217A /* TimeLineViewController.swift */ = {isa = PBXFileReference; lastKnownFileType = sourcecode.swift; path = TimeLineViewController.swift; sourceTree = "<group>"; };
		AF6838652BC574830067217A /* XTableViewCell.swift */ = {isa = PBXFileReference; lastKnownFileType = sourcecode.swift; path = XTableViewCell.swift; sourceTree = "<group>"; };
		AF6838662BC574830067217A /* XTableViewCell.xib */ = {isa = PBXFileReference; lastKnownFileType = file.xib; path = XTableViewCell.xib; sourceTree = "<group>"; };
/* End PBXFileReference section */

/* Begin PBXFrameworksBuildPhase section */
		AF6838492BC5565E0067217A /* Frameworks */ = {
			isa = PBXFrameworksBuildPhase;
			buildActionMask = 2147483647;
			files = (
			);
			runOnlyForDeploymentPostprocessing = 0;
		};
/* End PBXFrameworksBuildPhase section */

/* Begin PBXGroup section */
		AF6838432BC5565E0067217A = {
			isa = PBXGroup;
			children = (
				AF68384E2BC5565E0067217A /* XSampleApp */,
				AF68384D2BC5565E0067217A /* Products */,
			);
			sourceTree = "<group>";
		};
		AF68384D2BC5565E0067217A /* Products */ = {
			isa = PBXGroup;
			children = (
				AF68384C2BC5565E0067217A /* XSampleApp.app */,
			);
			name = Products;
			sourceTree = "<group>";
		};
		AF68384E2BC5565E0067217A /* XSampleApp */ = {
			isa = PBXGroup;
			children = (
				AF68384F2BC5565E0067217A /* AppDelegate.swift */,
				AF6838512BC5565E0067217A /* SceneDelegate.swift */,
				AF6838632BC55AE40067217A /* TimeLineViewController.swift */,
				AF6838552BC5565E0067217A /* Main.storyboard */,
				AF6838582BC556610067217A /* Assets.xcassets */,
				AF68385A2BC556610067217A /* LaunchScreen.storyboard */,
				AF68385D2BC556610067217A /* Info.plist */,
				AF6838652BC574830067217A /* XTableViewCell.swift */,
				AF6838662BC574830067217A /* XTableViewCell.xib */,
				AF25A5802BD0241000199872 /* EditViewController.swift */,
				AF25A5812BD0241000199872 /* EditViewController.xib */,
			);
			path = XSampleApp;
			sourceTree = "<group>";
		};
/* End PBXGroup section */

/* Begin PBXNativeTarget section */
		AF68384B2BC5565E0067217A /* XSampleApp */ = {
			isa = PBXNativeTarget;
			buildConfigurationList = AF6838602BC556610067217A /* Build configuration list for PBXNativeTarget "XSampleApp" */;
			buildPhases = (
				AF6838482BC5565E0067217A /* Sources */,
				AF6838492BC5565E0067217A /* Frameworks */,
				AF68384A2BC5565E0067217A /* Resources */,
			);
			buildRules = (
			);
			dependencies = (
			);
			name = XSampleApp;
			productName = XSampleApp;
			productReference = AF68384C2BC5565E0067217A /* XSampleApp.app */;
			productType = "com.apple.product-type.application";
		};
/* End PBXNativeTarget section */

/* Begin PBXProject section */
		AF6838442BC5565E0067217A /* Project object */ = {
			isa = PBXProject;
			attributes = {
				BuildIndependentTargetsInParallel = 1;
				LastSwiftUpdateCheck = 1520;
				LastUpgradeCheck = 1520;
				TargetAttributes = {
					AF68384B2BC5565E0067217A = {
						CreatedOnToolsVersion = 15.2;
					};
				};
			};
			buildConfigurationList = AF6838472BC5565E0067217A /* Build configuration list for PBXProject "XSampleApp" */;
			compatibilityVersion = "Xcode 14.0";
			developmentRegion = en;
			hasScannedForEncodings = 0;
			knownRegions = (
				en,
				Base,
			);
			mainGroup = AF6838432BC5565E0067217A;
			productRefGroup = AF68384D2BC5565E0067217A /* Products */;
			projectDirPath = "";
			projectRoot = "";
			targets = (
				AF68384B2BC5565E0067217A /* XSampleApp */,
			);
		};
/* End PBXProject section */

/* Begin PBXResourcesBuildPhase section */
		AF68384A2BC5565E0067217A /* Resources */ = {
			isa = PBXResourcesBuildPhase;
			buildActionMask = 2147483647;
			files = (
				AF68385C2BC556610067217A /* LaunchScreen.storyboard in Resources */,
				AF6838592BC556610067217A /* Assets.xcassets in Resources */,
				AF25A5832BD0241000199872 /* EditViewController.xib in Resources */,
				AF6838682BC574830067217A /* XTableViewCell.xib in Resources */,
				AF6838572BC5565E0067217A /* Main.storyboard in Resources */,
			);
			runOnlyForDeploymentPostprocessing = 0;
		};
/* End PBXResourcesBuildPhase section */

/* Begin PBXSourcesBuildPhase section */
		AF6838482BC5565E0067217A /* Sources */ = {
			isa = PBXSourcesBuildPhase;
			buildActionMask = 2147483647;
			files = (
				AF6838502BC5565E0067217A /* AppDelegate.swift in Sources */,
				AF25A5822BD0241000199872 /* EditViewController.swift in Sources */,
				AF6838522BC5565E0067217A /* SceneDelegate.swift in Sources */,
				AF6838672BC574830067217A /* XTableViewCell.swift in Sources */,
				AF6838642BC55AE40067217A /* TimeLineViewController.swift in Sources */,
			);
			runOnlyForDeploymentPostprocessing = 0;
		};
/* End PBXSourcesBuildPhase section */

/* Begin PBXVariantGroup section */
		AF6838552BC5565E0067217A /* Main.storyboard */ = {
			isa = PBXVariantGroup;
			children = (
				AF6838562BC5565E0067217A /* Base */,
			);
			name = Main.storyboard;
			sourceTree = "<group>";
		};
		AF68385A2BC556610067217A /* LaunchScreen.storyboard */ = {
			isa = PBXVariantGroup;
			children = (
				AF68385B2BC556610067217A /* Base */,
			);
			name = LaunchScreen.storyboard;
			sourceTree = "<group>";
		};
/* End PBXVariantGroup section */

/* Begin XCBuildConfiguration section */
		AF68385E2BC556610067217A /* Debug */ = {
			isa = XCBuildConfiguration;
			buildSettings = {
				ALWAYS_SEARCH_USER_PATHS = NO;
				ASSETCATALOG_COMPILER_GENERATE_SWIFT_ASSET_SYMBOL_EXTENSIONS = YES;
				CLANG_ANALYZER_NONNULL = YES;
				CLANG_ANALYZER_NUMBER_OBJECT_CONVERSION = YES_AGGRESSIVE;
				CLANG_CXX_LANGUAGE_STANDARD = "gnu++20";
				CLANG_ENABLE_MODULES = YES;
				CLANG_ENABLE_OBJC_ARC = YES;
				CLANG_ENABLE_OBJC_WEAK = YES;
				CLANG_WARN_BLOCK_CAPTURE_AUTORELEASING = YES;
				CLANG_WARN_BOOL_CONVERSION = YES;
				CLANG_WARN_COMMA = YES;
				CLANG_WARN_CONSTANT_CONVERSION = YES;
				CLANG_WARN_DEPRECATED_OBJC_IMPLEMENTATIONS = YES;
				CLANG_WARN_DIRECT_OBJC_ISA_USAGE = YES_ERROR;
				CLANG_WARN_DOCUMENTATION_COMMENTS = YES;
				CLANG_WARN_EMPTY_BODY = YES;
				CLANG_WARN_ENUM_CONVERSION = YES;
				CLANG_WARN_INFINITE_RECURSION = YES;
				CLANG_WARN_INT_CONVERSION = YES;
				CLANG_WARN_NON_LITERAL_NULL_CONVERSION = YES;
				CLANG_WARN_OBJC_IMPLICIT_RETAIN_SELF = YES;
				CLANG_WARN_OBJC_LITERAL_CONVERSION = YES;
				CLANG_WARN_OBJC_ROOT_CLASS = YES_ERROR;
				CLANG_WARN_QUOTED_INCLUDE_IN_FRAMEWORK_HEADER = YES;
				CLANG_WARN_RANGE_LOOP_ANALYSIS = YES;
				CLANG_WARN_STRICT_PROTOTYPES = YES;
				CLANG_WARN_SUSPICIOUS_MOVE = YES;
				CLANG_WARN_UNGUARDED_AVAILABILITY = YES_AGGRESSIVE;
				CLANG_WARN_UNREACHABLE_CODE = YES;
				CLANG_WARN__DUPLICATE_METHOD_MATCH = YES;
				COPY_PHASE_STRIP = NO;
				DEBUG_INFORMATION_FORMAT = dwarf;
				ENABLE_STRICT_OBJC_MSGSEND = YES;
				ENABLE_TESTABILITY = YES;
				ENABLE_USER_SCRIPT_SANDBOXING = YES;
				GCC_C_LANGUAGE_STANDARD = gnu17;
				GCC_DYNAMIC_NO_PIC = NO;
				GCC_NO_COMMON_BLOCKS = YES;
				GCC_OPTIMIZATION_LEVEL = 0;
				GCC_PREPROCESSOR_DEFINITIONS = (
					"DEBUG=1",
					"$(inherited)",
				);
				GCC_WARN_64_TO_32_BIT_CONVERSION = YES;
				GCC_WARN_ABOUT_RETURN_TYPE = YES_ERROR;
				GCC_WARN_UNDECLARED_SELECTOR = YES;
				GCC_WARN_UNINITIALIZED_AUTOS = YES_AGGRESSIVE;
				GCC_WARN_UNUSED_FUNCTION = YES;
				GCC_WARN_UNUSED_VARIABLE = YES;
				IPHONEOS_DEPLOYMENT_TARGET = 17.2;
				LOCALIZATION_PREFERS_STRING_CATALOGS = YES;
				MTL_ENABLE_DEBUG_INFO = INCLUDE_SOURCE;
				MTL_FAST_MATH = YES;
				ONLY_ACTIVE_ARCH = YES;
				SDKROOT = iphoneos;
				SWIFT_ACTIVE_COMPILATION_CONDITIONS = "DEBUG $(inherited)";
				SWIFT_OPTIMIZATION_LEVEL = "-Onone";
			};
			name = Debug;
		};
		AF68385F2BC556610067217A /* Release */ = {
			isa = XCBuildConfiguration;
			buildSettings = {
				ALWAYS_SEARCH_USER_PATHS = NO;
				ASSETCATALOG_COMPILER_GENERATE_SWIFT_ASSET_SYMBOL_EXTENSIONS = YES;
				CLANG_ANALYZER_NONNULL = YES;
				CLANG_ANALYZER_NUMBER_OBJECT_CONVERSION = YES_AGGRESSIVE;
				CLANG_CXX_LANGUAGE_STANDARD = "gnu++20";
				CLANG_ENABLE_MODULES = YES;
				CLANG_ENABLE_OBJC_ARC = YES;
				CLANG_ENABLE_OBJC_WEAK = YES;
				CLANG_WARN_BLOCK_CAPTURE_AUTORELEASING = YES;
				CLANG_WARN_BOOL_CONVERSION = YES;
				CLANG_WARN_COMMA = YES;
				CLANG_WARN_CONSTANT_CONVERSION = YES;
				CLANG_WARN_DEPRECATED_OBJC_IMPLEMENTATIONS = YES;
				CLANG_WARN_DIRECT_OBJC_ISA_USAGE = YES_ERROR;
				CLANG_WARN_DOCUMENTATION_COMMENTS = YES;
				CLANG_WARN_EMPTY_BODY = YES;
				CLANG_WARN_ENUM_CONVERSION = YES;
				CLANG_WARN_INFINITE_RECURSION = YES;
				CLANG_WARN_INT_CONVERSION = YES;
				CLANG_WARN_NON_LITERAL_NULL_CONVERSION = YES;
				CLANG_WARN_OBJC_IMPLICIT_RETAIN_SELF = YES;
				CLANG_WARN_OBJC_LITERAL_CONVERSION = YES;
				CLANG_WARN_OBJC_ROOT_CLASS = YES_ERROR;
				CLANG_WARN_QUOTED_INCLUDE_IN_FRAMEWORK_HEADER = YES;
				CLANG_WARN_RANGE_LOOP_ANALYSIS = YES;
				CLANG_WARN_STRICT_PROTOTYPES = YES;
				CLANG_WARN_SUSPICIOUS_MOVE = YES;
				CLANG_WARN_UNGUARDED_AVAILABILITY = YES_AGGRESSIVE;
				CLANG_WARN_UNREACHABLE_CODE = YES;
				CLANG_WARN__DUPLICATE_METHOD_MATCH = YES;
				COPY_PHASE_STRIP = NO;
				DEBUG_INFORMATION_FORMAT = "dwarf-with-dsym";
				ENABLE_NS_ASSERTIONS = NO;
				ENABLE_STRICT_OBJC_MSGSEND = YES;
				ENABLE_USER_SCRIPT_SANDBOXING = YES;
				GCC_C_LANGUAGE_STANDARD = gnu17;
				GCC_NO_COMMON_BLOCKS = YES;
				GCC_WARN_64_TO_32_BIT_CONVERSION = YES;
				GCC_WARN_ABOUT_RETURN_TYPE = YES_ERROR;
				GCC_WARN_UNDECLARED_SELECTOR = YES;
				GCC_WARN_UNINITIALIZED_AUTOS = YES_AGGRESSIVE;
				GCC_WARN_UNUSED_FUNCTION = YES;
				GCC_WARN_UNUSED_VARIABLE = YES;
				IPHONEOS_DEPLOYMENT_TARGET = 17.2;
				LOCALIZATION_PREFERS_STRING_CATALOGS = YES;
				MTL_ENABLE_DEBUG_INFO = NO;
				MTL_FAST_MATH = YES;
				SDKROOT = iphoneos;
				SWIFT_COMPILATION_MODE = wholemodule;
				VALIDATE_PRODUCT = YES;
			};
			name = Release;
		};
		AF6838612BC556610067217A /* Debug */ = {
			isa = XCBuildConfiguration;
			buildSettings = {
				ASSETCATALOG_COMPILER_APPICON_NAME = AppIcon;
				ASSETCATALOG_COMPILER_GLOBAL_ACCENT_COLOR_NAME = AccentColor;
				CODE_SIGN_STYLE = Automatic;
				CURRENT_PROJECT_VERSION = 1;
				DEVELOPMENT_TEAM = 65S5SNW79U;
				GENERATE_INFOPLIST_FILE = YES;
				INFOPLIST_FILE = XSampleApp/Info.plist;
				INFOPLIST_KEY_UIApplicationSupportsIndirectInputEvents = YES;
				INFOPLIST_KEY_UILaunchStoryboardName = LaunchScreen;
				INFOPLIST_KEY_UIMainStoryboardFile = Main;
				INFOPLIST_KEY_UISupportedInterfaceOrientations_iPad = "UIInterfaceOrientationPortrait UIInterfaceOrientationPortraitUpsideDown UIInterfaceOrientationLandscapeLeft UIInterfaceOrientationLandscapeRight";
				INFOPLIST_KEY_UISupportedInterfaceOrientations_iPhone = "UIInterfaceOrientationPortrait UIInterfaceOrientationLandscapeLeft UIInterfaceOrientationLandscapeRight";
				LD_RUNPATH_SEARCH_PATHS = (
					"$(inherited)",
					"@executable_path/Frameworks",
				);
				MARKETING_VERSION = 1.0;
				PRODUCT_BUNDLE_IDENTIFIER = com.kensuke.XSampleApp;
				PRODUCT_NAME = "$(TARGET_NAME)";
				SWIFT_EMIT_LOC_STRINGS = YES;
				SWIFT_VERSION = 5.0;
				TARGETED_DEVICE_FAMILY = "1,2";
			};
			name = Debug;
		};
		AF6838622BC556610067217A /* Release */ = {
			isa = XCBuildConfiguration;
			buildSettings = {
				ASSETCATALOG_COMPILER_APPICON_NAME = AppIcon;
				ASSETCATALOG_COMPILER_GLOBAL_ACCENT_COLOR_NAME = AccentColor;
				CODE_SIGN_STYLE = Automatic;
				CURRENT_PROJECT_VERSION = 1;
				DEVELOPMENT_TEAM = 65S5SNW79U;
				GENERATE_INFOPLIST_FILE = YES;
				INFOPLIST_FILE = XSampleApp/Info.plist;
				INFOPLIST_KEY_UIApplicationSupportsIndirectInputEvents = YES;
				INFOPLIST_KEY_UILaunchStoryboardName = LaunchScreen;
				INFOPLIST_KEY_UIMainStoryboardFile = Main;
				INFOPLIST_KEY_UISupportedInterfaceOrientations_iPad = "UIInterfaceOrientationPortrait UIInterfaceOrientationPortraitUpsideDown UIInterfaceOrientationLandscapeLeft UIInterfaceOrientationLandscapeRight";
				INFOPLIST_KEY_UISupportedInterfaceOrientations_iPhone = "UIInterfaceOrientationPortrait UIInterfaceOrientationLandscapeLeft UIInterfaceOrientationLandscapeRight";
				LD_RUNPATH_SEARCH_PATHS = (
					"$(inherited)",
					"@executable_path/Frameworks",
				);
				MARKETING_VERSION = 1.0;
				PRODUCT_BUNDLE_IDENTIFIER = com.kensuke.XSampleApp;
				PRODUCT_NAME = "$(TARGET_NAME)";
				SWIFT_EMIT_LOC_STRINGS = YES;
				SWIFT_VERSION = 5.0;
				TARGETED_DEVICE_FAMILY = "1,2";
			};
			name = Release;
		};
/* End XCBuildConfiguration section */

/* Begin XCConfigurationList section */
		AF6838472BC5565E0067217A /* Build configuration list for PBXProject "XSampleApp" */ = {
			isa = XCConfigurationList;
			buildConfigurations = (
				AF68385E2BC556610067217A /* Debug */,
				AF68385F2BC556610067217A /* Release */,
			);
			defaultConfigurationIsVisible = 0;
			defaultConfigurationName = Release;
		};
		AF6838602BC556610067217A /* Build configuration list for PBXNativeTarget "XSampleApp" */ = {
			isa = XCConfigurationList;
			buildConfigurations = (
				AF6838612BC556610067217A /* Debug */,
				AF6838622BC556610067217A /* Release */,
			);
			defaultConfigurationIsVisible = 0;
			defaultConfigurationName = Release;
		};
/* End XCConfigurationList section */
	};
	rootObject = AF6838442BC5565E0067217A /* Project object */;
}
